
Microsoft Visual Studio Solution File, Format Version 12.00
Project("{FAE04EC0-301F-11D3-BF4B-00C04F79EFBC}") = "Flatly.API", "Flatly.API\Flatly.API.csproj", "{2FBEA9E3-875A-4C39-A2B1-E7586CC1D377}"
EndProject
Project("{FAE04EC0-301F-11D3-BF4B-00C04F79EFBC}") = "Flatly.Core", "Flatly.Core\Flatly.Core.csproj", "{C9E8C951-3580-4CC6-9EDF-0522C28ECC89}"
EndProject
Project("{FAE04EC0-301F-11D3-BF4B-00C04F79EFBC}") = "Flatly.Persistance", "Flatly.Persistance\Flatly.Persistance.csproj", "{2937C865-0087-423E-817D-41BD8161A211}"
EndProject
Project("{2150E333-8FDC-42A3-9474-1A3956D46DE8}") = "Flatly", "Flatly", "{8A7966DB-0634-4C6E-9F88-EBACD5309FC4}"
EndProject
Project("{2150E333-8FDC-42A3-9474-1A3956D46DE8}") = "SharedKernel", "SharedKernel", "{3EE764B2-86D3-43B9-9D34-B6AA802277D5}"
EndProject
Project("{FAE04EC0-301F-11D3-BF4B-00C04F79EFBC}") = "Utilities", "SharedKernel\Utilities\Utilities.csproj", "{2F3AF4F7-DFFB-4313-B4F1-A099F53F8ABA}"
EndProject
Project("{FAE04EC0-301F-11D3-BF4B-00C04F79EFBC}") = "Domain", "SharedKernel\Domain\Domain.csproj", "{295F32A5-DAED-44B2-897D-5F88933A5D5E}"
EndProject
Project("{FAE04EC0-301F-11D3-BF4B-00C04F79EFBC}") = "Databases", "SharedKernel\Databases\Databases.csproj", "{585A6417-6936-4337-AA52-0EF8F85EDD19}"
EndProject
Project("{FAE04EC0-301F-11D3-BF4B-00C04F79EFBC}") = "Common", "SharedKernel\Common\Common.csproj", "{75CDC275-99E0-40A6-907A-18498A85EEEB}"
EndProject
Project("{2150E333-8FDC-42A3-9474-1A3956D46DE8}") = "tests", "tests", "{2EB20D66-3536-4E02-B097-B88282C63E63}"
EndProject
Project("{FAE04EC0-301F-11D3-BF4B-00C04F79EFBC}") = "ConsoleApp1", "ConsoleApp1\ConsoleApp1.csproj", "{9DA69B31-AD2C-4CCA-9F9F-9F521B1006F7}"
EndProject
Global
	GlobalSection(SolutionConfigurationPlatforms) = preSolution
		Debug|Any CPU = Debug|Any CPU
		Release|Any CPU = Release|Any CPU
	EndGlobalSection
	GlobalSection(ProjectConfigurationPlatforms) = postSolution
		{2FBEA9E3-875A-4C39-A2B1-E7586CC1D377}.Debug|Any CPU.ActiveCfg = Debug|Any CPU
		{2FBEA9E3-875A-4C39-A2B1-E7586CC1D377}.Debug|Any CPU.Build.0 = Debug|Any CPU
		{2FBEA9E3-875A-4C39-A2B1-E7586CC1D377}.Release|Any CPU.ActiveCfg = Release|Any CPU
		{2FBEA9E3-875A-4C39-A2B1-E7586CC1D377}.Release|Any CPU.Build.0 = Release|Any CPU
		{C9E8C951-3580-4CC6-9EDF-0522C28ECC89}.Debug|Any CPU.ActiveCfg = Debug|Any CPU
		{C9E8C951-3580-4CC6-9EDF-0522C28ECC89}.Debug|Any CPU.Build.0 = Debug|Any CPU
		{C9E8C951-3580-4CC6-9EDF-0522C28ECC89}.Release|Any CPU.ActiveCfg = Release|Any CPU
		{C9E8C951-3580-4CC6-9EDF-0522C28ECC89}.Release|Any CPU.Build.0 = Release|Any CPU
		{2937C865-0087-423E-817D-41BD8161A211}.Debug|Any CPU.ActiveCfg = Debug|Any CPU
		{2937C865-0087-423E-817D-41BD8161A211}.Debug|Any CPU.Build.0 = Debug|Any CPU
		{2937C865-0087-423E-817D-41BD8161A211}.Release|Any CPU.ActiveCfg = Release|Any CPU
		{2937C865-0087-423E-817D-41BD8161A211}.Release|Any CPU.Build.0 = Release|Any CPU
		{2F3AF4F7-DFFB-4313-B4F1-A099F53F8ABA}.Debug|Any CPU.ActiveCfg = Debug|Any CPU
		{2F3AF4F7-DFFB-4313-B4F1-A099F53F8ABA}.Debug|Any CPU.Build.0 = Debug|Any CPU
		{2F3AF4F7-DFFB-4313-B4F1-A099F53F8ABA}.Release|Any CPU.ActiveCfg = Release|Any CPU
		{2F3AF4F7-DFFB-4313-B4F1-A099F53F8ABA}.Release|Any CPU.Build.0 = Release|Any CPU
		{295F32A5-DAED-44B2-897D-5F88933A5D5E}.Debug|Any CPU.ActiveCfg = Debug|Any CPU
		{295F32A5-DAED-44B2-897D-5F88933A5D5E}.Debug|Any CPU.Build.0 = Debug|Any CPU
		{295F32A5-DAED-44B2-897D-5F88933A5D5E}.Release|Any CPU.ActiveCfg = Release|Any CPU
		{295F32A5-DAED-44B2-897D-5F88933A5D5E}.Release|Any CPU.Build.0 = Release|Any CPU
		{585A6417-6936-4337-AA52-0EF8F85EDD19}.Debug|Any CPU.ActiveCfg = Debug|Any CPU
		{585A6417-6936-4337-AA52-0EF8F85EDD19}.Debug|Any CPU.Build.0 = Debug|Any CPU
		{585A6417-6936-4337-AA52-0EF8F85EDD19}.Release|Any CPU.ActiveCfg = Release|Any CPU
		{585A6417-6936-4337-AA52-0EF8F85EDD19}.Release|Any CPU.Build.0 = Release|Any CPU
		{75CDC275-99E0-40A6-907A-18498A85EEEB}.Debug|Any CPU.ActiveCfg = Debug|Any CPU
		{75CDC275-99E0-40A6-907A-18498A85EEEB}.Debug|Any CPU.Build.0 = Debug|Any CPU
		{75CDC275-99E0-40A6-907A-18498A85EEEB}.Release|Any CPU.ActiveCfg = Release|Any CPU
		{75CDC275-99E0-40A6-907A-18498A85EEEB}.Release|Any CPU.Build.0 = Release|Any CPU
		{9DA69B31-AD2C-4CCA-9F9F-9F521B1006F7}.Debug|Any CPU.ActiveCfg = Debug|Any CPU
		{9DA69B31-AD2C-4CCA-9F9F-9F521B1006F7}.Debug|Any CPU.Build.0 = Debug|Any CPU
		{9DA69B31-AD2C-4CCA-9F9F-9F521B1006F7}.Release|Any CPU.ActiveCfg = Release|Any CPU
		{9DA69B31-AD2C-4CCA-9F9F-9F521B1006F7}.Release|Any CPU.Build.0 = Release|Any CPU
	EndGlobalSection
	GlobalSection(NestedProjects) = preSolution
		{2FBEA9E3-875A-4C39-A2B1-E7586CC1D377} = {8A7966DB-0634-4C6E-9F88-EBACD5309FC4}
		{C9E8C951-3580-4CC6-9EDF-0522C28ECC89} = {8A7966DB-0634-4C6E-9F88-EBACD5309FC4}
		{2937C865-0087-423E-817D-41BD8161A211} = {8A7966DB-0634-4C6E-9F88-EBACD5309FC4}
		{2F3AF4F7-DFFB-4313-B4F1-A099F53F8ABA} = {3EE764B2-86D3-43B9-9D34-B6AA802277D5}
		{295F32A5-DAED-44B2-897D-5F88933A5D5E} = {3EE764B2-86D3-43B9-9D34-B6AA802277D5}
		{585A6417-6936-4337-AA52-0EF8F85EDD19} = {3EE764B2-86D3-43B9-9D34-B6AA802277D5}
		{75CDC275-99E0-40A6-907A-18498A85EEEB} = {3EE764B2-86D3-43B9-9D34-B6AA802277D5}
		{9DA69B31-AD2C-4CCA-9F9F-9F521B1006F7} = {2EB20D66-3536-4E02-B097-B88282C63E63}
	EndGlobalSection
EndGlobal
